
Microsoft Visual Studio Solution File, Format Version 12.00
# Visual Studio 15
VisualStudioVersion = 15.0.27130.2010
MinimumVisualStudioVersion = 10.0.40219.1
Project("{9A19103F-16F7-4668-BE54-9A1E7A4F7556}") = "III.Admin", "III.Admin\III.Admin.csproj", "{277CE894-7492-4A94-8FA1-BD0C3FC1B077}"
EndProject
Project("{2150E333-8FDC-42A3-9474-1A3956D46DE8}") = "Application", "Application", "{9F2E352B-7F9F-48D5-B4AB-AC220D01BD41}"
EndProject
Project("{2150E333-8FDC-42A3-9474-1A3956D46DE8}") = "1.App", "1.App", "{90EA43D9-1E2E-4BFB-ACC1-8C130016F951}"
EndProject
Project("{2150E333-8FDC-42A3-9474-1A3956D46DE8}") = "2.Domain", "2.Domain", "{B9C5678F-3CFF-4026-B1DF-AA81F5CF9C81}"
EndProject
Project("{9A19103F-16F7-4668-BE54-9A1E7A4F7556}") = "III.Domain", "III.Domain\III.Domain.csproj", "{1A711324-785A-4F7F-867A-3B0FD8F7C614}"
EndProject
Project("{9A19103F-16F7-4668-BE54-9A1E7A4F7556}") = "IdentityModel", "IdentityModel\IdentityModel.csproj", "{13039874-218F-4A01-96DF-4E0ADA715E96}"
EndProject
Project("{9A19103F-16F7-4668-BE54-9A1E7A4F7556}") = "IdentityServer", "IdentityServer\IdentityServer.csproj", "{691456D9-190A-4760-B76D-F73A15153773}"
EndProject
Project("{2150E333-8FDC-42A3-9474-1A3956D46DE8}") = "3.SSO", "3.SSO", "{F242CF91-ACB0-4EE7-982F-834CAF6F7EC8}"
EndProject
Project("{9A19103F-16F7-4668-BE54-9A1E7A4F7556}") = "III.SSO", "III.SSO\III.SSO.csproj", "{75CB06AF-574A-4E88-AAAA-B12F9F8631A1}"
EndProject
Project("{2150E333-8FDC-42A3-9474-1A3956D46DE8}") = "Framework", "Framework", "{CBF5DE0D-F1C7-4AFD-A764-6CC32870DBAC}"
EndProject
Global
	GlobalSection(SolutionConfigurationPlatforms) = preSolution
		Debug|Any CPU = Debug|Any CPU
		Release|Any CPU = Release|Any CPU
	EndGlobalSection
	GlobalSection(ProjectConfigurationPlatforms) = postSolution
		{277CE894-7492-4A94-8FA1-BD0C3FC1B077}.Debug|Any CPU.ActiveCfg = Debug|Any CPU
		{277CE894-7492-4A94-8FA1-BD0C3FC1B077}.Debug|Any CPU.Build.0 = Debug|Any CPU
		{277CE894-7492-4A94-8FA1-BD0C3FC1B077}.Release|Any CPU.ActiveCfg = Release|Any CPU
		{277CE894-7492-4A94-8FA1-BD0C3FC1B077}.Release|Any CPU.Build.0 = Release|Any CPU
		{1A711324-785A-4F7F-867A-3B0FD8F7C614}.Debug|Any CPU.ActiveCfg = Debug|Any CPU
		{1A711324-785A-4F7F-867A-3B0FD8F7C614}.Debug|Any CPU.Build.0 = Debug|Any CPU
		{1A711324-785A-4F7F-867A-3B0FD8F7C614}.Release|Any CPU.ActiveCfg = Release|Any CPU
		{1A711324-785A-4F7F-867A-3B0FD8F7C614}.Release|Any CPU.Build.0 = Release|Any CPU
		{13039874-218F-4A01-96DF-4E0ADA715E96}.Debug|Any CPU.ActiveCfg = Debug|Any CPU
		{13039874-218F-4A01-96DF-4E0ADA715E96}.Debug|Any CPU.Build.0 = Debug|Any CPU
		{13039874-218F-4A01-96DF-4E0ADA715E96}.Release|Any CPU.ActiveCfg = Release|Any CPU
		{13039874-218F-4A01-96DF-4E0ADA715E96}.Release|Any CPU.Build.0 = Release|Any CPU
		{691456D9-190A-4760-B76D-F73A15153773}.Debug|Any CPU.ActiveCfg = Debug|Any CPU
		{691456D9-190A-4760-B76D-F73A15153773}.Debug|Any CPU.Build.0 = Debug|Any CPU
		{691456D9-190A-4760-B76D-F73A15153773}.Release|Any CPU.ActiveCfg = Release|Any CPU
		{691456D9-190A-4760-B76D-F73A15153773}.Release|Any CPU.Build.0 = Release|Any CPU
		{75CB06AF-574A-4E88-AAAA-B12F9F8631A1}.Debug|Any CPU.ActiveCfg = Debug|Any CPU
		{75CB06AF-574A-4E88-AAAA-B12F9F8631A1}.Debug|Any CPU.Build.0 = Debug|Any CPU
		{75CB06AF-574A-4E88-AAAA-B12F9F8631A1}.Release|Any CPU.ActiveCfg = Release|Any CPU
		{75CB06AF-574A-4E88-AAAA-B12F9F8631A1}.Release|Any CPU.Build.0 = Release|Any CPU
	EndGlobalSection
	GlobalSection(SolutionProperties) = preSolution
		HideSolutionNode = FALSE
	EndGlobalSection
	GlobalSection(NestedProjects) = preSolution
		{277CE894-7492-4A94-8FA1-BD0C3FC1B077} = {90EA43D9-1E2E-4BFB-ACC1-8C130016F951}
		{90EA43D9-1E2E-4BFB-ACC1-8C130016F951} = {9F2E352B-7F9F-48D5-B4AB-AC220D01BD41}
		{B9C5678F-3CFF-4026-B1DF-AA81F5CF9C81} = {9F2E352B-7F9F-48D5-B4AB-AC220D01BD41}
		{1A711324-785A-4F7F-867A-3B0FD8F7C614} = {B9C5678F-3CFF-4026-B1DF-AA81F5CF9C81}
		{13039874-218F-4A01-96DF-4E0ADA715E96} = {CBF5DE0D-F1C7-4AFD-A764-6CC32870DBAC}
		{691456D9-190A-4760-B76D-F73A15153773} = {CBF5DE0D-F1C7-4AFD-A764-6CC32870DBAC}
		{F242CF91-ACB0-4EE7-982F-834CAF6F7EC8} = {9F2E352B-7F9F-48D5-B4AB-AC220D01BD41}
		{75CB06AF-574A-4E88-AAAA-B12F9F8631A1} = {F242CF91-ACB0-4EE7-982F-834CAF6F7EC8}
	EndGlobalSection
	GlobalSection(ExtensibilityGlobals) = postSolution
		SolutionGuid = {1623A8F9-A760-4A39-8D26-B8E968E5ECB0}
	EndGlobalSection
EndGlobal
